
Microsoft Visual Studio Solution File, Format Version 12.00
# Visual Studio 15
Project("{FAE04EC0-301F-11D3-BF4B-00C04F79EFBC}") = "Isdisco_Web_API", "Isdisco_Web_API\Isdisco_Web_API.csproj", "{676FB152-C8A4-4773-8D34-F8C6DEAB7ED3}"
EndProject
Global
	GlobalSection(SolutionConfigurationPlatforms) = preSolution
		Debug|Any CPU = Debug|Any CPU
		Release|Any CPU = Release|Any CPU
	EndGlobalSection
	GlobalSection(ProjectConfigurationPlatforms) = postSolution
		{676FB152-C8A4-4773-8D34-F8C6DEAB7ED3}.Debug|Any CPU.ActiveCfg = Debug|Any CPU
		{676FB152-C8A4-4773-8D34-F8C6DEAB7ED3}.Debug|Any CPU.Build.0 = Debug|Any CPU
		{676FB152-C8A4-4773-8D34-F8C6DEAB7ED3}.Release|Any CPU.ActiveCfg = Release|Any CPU
		{676FB152-C8A4-4773-8D34-F8C6DEAB7ED3}.Release|Any CPU.Build.0 = Release|Any CPU
	EndGlobalSection
EndGlobal
